
Microsoft Visual Studio Solution File, Format Version 11.00
# Visual Studio 2010
Project("{8BC9CEB8-8B4A-11D0-8D11-00A0C91BC942}") = "IPViewer", "IPViewer\IPViewer.vcxproj", "{2D455FB7-DAEC-498D-BCA0-C07282AFFAB7}"
	ProjectSection(ProjectDependencies) = postProject
		{85936D78-64D2-47B7-BD15-65347140F04D} = {85936D78-64D2-47B7-BD15-65347140F04D}
		{FCCAC1FB-F16B-4DD5-939D-D19AC2C47F71} = {FCCAC1FB-F16B-4DD5-939D-D19AC2C47F71}
	EndProjectSection
EndProject
Project("{8BC9CEB8-8B4A-11D0-8D11-00A0C91BC942}") = "IPData", "IPData\IPData.vcxproj", "{85936D78-64D2-47B7-BD15-65347140F04D}"
	ProjectSection(ProjectDependencies) = postProject
		{FCCAC1FB-F16B-4DD5-939D-D19AC2C47F71} = {FCCAC1FB-F16B-4DD5-939D-D19AC2C47F71}
	EndProjectSection
EndProject
Project("{54435603-DBB4-11D2-8724-00A0C9A8B90C}") = "IpViewerSetup", "..\build\IpViewerSetup.vdproj", "{0A896981-227B-4B25-82CB-D18E15F841C9}"
EndProject
Project("{2150E333-8FDC-42A3-9474-1A3956D46DE8}") = "Solution Items", "Solution Items", "{AA74D5B0-3181-40B8-841E-52B6FDAB5CE7}"
	ProjectSection(SolutionItems) = preProject
		readme.txt = readme.txt
	EndProjectSection
EndProject
Project("{54435603-DBB4-11D2-8724-00A0C9A8B90C}") = "IpViewerSetup_64", "..\build\IpViewerSetup_64\IpViewerSetup_64.vdproj", "{62057357-86DA-44C6-B69B-B4904E04CC37}"
EndProject
Project("{8BC9CEB8-8B4A-11D0-8D11-00A0C91BC942}") = "Logger", "Logger\Logger.vcxproj", "{FCCAC1FB-F16B-4DD5-939D-D19AC2C47F71}"
EndProject
Project("{2150E333-8FDC-42A3-9474-1A3956D46DE8}") = "Localization", "Localization", "{7D6EC3B8-01EA-497F-9A41-1BF82B03C9EB}"
EndProject
Project("{8BC9CEB8-8B4A-11D0-8D11-00A0C91BC942}") = "IPViewerJPN", "Localiztion\IPViewerJPN\IPViewerJPN.vcxproj", "{576BB453-2FB7-41F2-A79A-090A35423F3F}"
EndProject
Project("{8BC9CEB8-8B4A-11D0-8D11-00A0C91BC942}") = "IPViewerFRC", "Localiztion\IPViewerFRC\IPViewerFRC.vcxproj", "{C6F76172-4FFB-4905-A8C2-7BACD38F1FE5}"
EndProject
Project("{8BC9CEB8-8B4A-11D0-8D11-00A0C91BC942}") = "IPViewerENU", "Localiztion\IPViewerENU\IPViewerENU.vcxproj", "{C4D0B800-44A8-40E8-90C3-6649F9F484BB}"
EndProject
Global
	GlobalSection(SubversionScc) = preSolution
		Svn-Managed = True
		Manager = AnkhSVN - Subversion Support for Visual Studio
	EndGlobalSection
	GlobalSection(SolutionConfigurationPlatforms) = preSolution
		Debug|Win32 = Debug|Win32
		Debug|x64 = Debug|x64
		Release|Win32 = Release|Win32
		Release|x64 = Release|x64
	EndGlobalSection
	GlobalSection(ProjectConfigurationPlatforms) = postSolution
		{2D455FB7-DAEC-498D-BCA0-C07282AFFAB7}.Debug|Win32.ActiveCfg = Debug|Win32
		{2D455FB7-DAEC-498D-BCA0-C07282AFFAB7}.Debug|Win32.Build.0 = Debug|Win32
		{2D455FB7-DAEC-498D-BCA0-C07282AFFAB7}.Debug|x64.ActiveCfg = Debug|x64
		{2D455FB7-DAEC-498D-BCA0-C07282AFFAB7}.Debug|x64.Build.0 = Debug|x64
		{2D455FB7-DAEC-498D-BCA0-C07282AFFAB7}.Release|Win32.ActiveCfg = Release|Win32
		{2D455FB7-DAEC-498D-BCA0-C07282AFFAB7}.Release|Win32.Build.0 = Release|Win32
		{2D455FB7-DAEC-498D-BCA0-C07282AFFAB7}.Release|x64.ActiveCfg = Release|x64
		{2D455FB7-DAEC-498D-BCA0-C07282AFFAB7}.Release|x64.Build.0 = Release|x64
		{85936D78-64D2-47B7-BD15-65347140F04D}.Debug|Win32.ActiveCfg = Debug|Win32
		{85936D78-64D2-47B7-BD15-65347140F04D}.Debug|Win32.Build.0 = Debug|Win32
		{85936D78-64D2-47B7-BD15-65347140F04D}.Debug|x64.ActiveCfg = Debug|x64
		{85936D78-64D2-47B7-BD15-65347140F04D}.Debug|x64.Build.0 = Debug|x64
		{85936D78-64D2-47B7-BD15-65347140F04D}.Release|Win32.ActiveCfg = Release|Win32
		{85936D78-64D2-47B7-BD15-65347140F04D}.Release|Win32.Build.0 = Release|Win32
		{85936D78-64D2-47B7-BD15-65347140F04D}.Release|x64.ActiveCfg = Release|x64
		{85936D78-64D2-47B7-BD15-65347140F04D}.Release|x64.Build.0 = Release|x64
		{0A896981-227B-4B25-82CB-D18E15F841C9}.Debug|Win32.ActiveCfg = Debug
		{0A896981-227B-4B25-82CB-D18E15F841C9}.Debug|x64.ActiveCfg = Debug
		{0A896981-227B-4B25-82CB-D18E15F841C9}.Release|Win32.ActiveCfg = Release
		{0A896981-227B-4B25-82CB-D18E15F841C9}.Release|x64.ActiveCfg = Release
		{62057357-86DA-44C6-B69B-B4904E04CC37}.Debug|Win32.ActiveCfg = Debug
		{62057357-86DA-44C6-B69B-B4904E04CC37}.Debug|x64.ActiveCfg = Debug
		{62057357-86DA-44C6-B69B-B4904E04CC37}.Release|Win32.ActiveCfg = Release
		{62057357-86DA-44C6-B69B-B4904E04CC37}.Release|x64.ActiveCfg = Release
		{FCCAC1FB-F16B-4DD5-939D-D19AC2C47F71}.Debug|Win32.ActiveCfg = Debug|Win32
		{FCCAC1FB-F16B-4DD5-939D-D19AC2C47F71}.Debug|Win32.Build.0 = Debug|Win32
		{FCCAC1FB-F16B-4DD5-939D-D19AC2C47F71}.Debug|x64.ActiveCfg = Debug|x64
		{FCCAC1FB-F16B-4DD5-939D-D19AC2C47F71}.Debug|x64.Build.0 = Debug|x64
		{FCCAC1FB-F16B-4DD5-939D-D19AC2C47F71}.Release|Win32.ActiveCfg = Release|Win32
		{FCCAC1FB-F16B-4DD5-939D-D19AC2C47F71}.Release|Win32.Build.0 = Release|Win32
		{FCCAC1FB-F16B-4DD5-939D-D19AC2C47F71}.Release|x64.ActiveCfg = Release|x64
		{FCCAC1FB-F16B-4DD5-939D-D19AC2C47F71}.Release|x64.Build.0 = Release|x64
		{576BB453-2FB7-41F2-A79A-090A35423F3F}.Debug|Win32.ActiveCfg = Debug|Win32
		{576BB453-2FB7-41F2-A79A-090A35423F3F}.Debug|Win32.Build.0 = Debug|Win32
		{576BB453-2FB7-41F2-A79A-090A35423F3F}.Debug|x64.ActiveCfg = Debug|x64
		{576BB453-2FB7-41F2-A79A-090A35423F3F}.Debug|x64.Build.0 = Debug|x64
		{576BB453-2FB7-41F2-A79A-090A35423F3F}.Release|Win32.ActiveCfg = Release|Win32
		{576BB453-2FB7-41F2-A79A-090A35423F3F}.Release|Win32.Build.0 = Release|Win32
		{576BB453-2FB7-41F2-A79A-090A35423F3F}.Release|x64.ActiveCfg = Release|x64
		{576BB453-2FB7-41F2-A79A-090A35423F3F}.Release|x64.Build.0 = Release|x64
		{C6F76172-4FFB-4905-A8C2-7BACD38F1FE5}.Debug|Win32.ActiveCfg = Debug|Win32
		{C6F76172-4FFB-4905-A8C2-7BACD38F1FE5}.Debug|Win32.Build.0 = Debug|Win32
		{C6F76172-4FFB-4905-A8C2-7BACD38F1FE5}.Debug|x64.ActiveCfg = Debug|x64
		{C6F76172-4FFB-4905-A8C2-7BACD38F1FE5}.Debug|x64.Build.0 = Debug|x64
		{C6F76172-4FFB-4905-A8C2-7BACD38F1FE5}.Release|Win32.ActiveCfg = Release|Win32
		{C6F76172-4FFB-4905-A8C2-7BACD38F1FE5}.Release|Win32.Build.0 = Release|Win32
		{C6F76172-4FFB-4905-A8C2-7BACD38F1FE5}.Release|x64.ActiveCfg = Release|x64
		{C6F76172-4FFB-4905-A8C2-7BACD38F1FE5}.Release|x64.Build.0 = Release|x64
		{C4D0B800-44A8-40E8-90C3-6649F9F484BB}.Debug|Win32.ActiveCfg = Debug|Win32
		{C4D0B800-44A8-40E8-90C3-6649F9F484BB}.Debug|Win32.Build.0 = Debug|Win32
		{C4D0B800-44A8-40E8-90C3-6649F9F484BB}.Debug|x64.ActiveCfg = Debug|x64
		{C4D0B800-44A8-40E8-90C3-6649F9F484BB}.Debug|x64.Build.0 = Debug|x64
		{C4D0B800-44A8-40E8-90C3-6649F9F484BB}.Release|Win32.ActiveCfg = Release|Win32
		{C4D0B800-44A8-40E8-90C3-6649F9F484BB}.Release|Win32.Build.0 = Release|Win32
		{C4D0B800-44A8-40E8-90C3-6649F9F484BB}.Release|x64.ActiveCfg = Release|x64
		{C4D0B800-44A8-40E8-90C3-6649F9F484BB}.Release|x64.Build.0 = Release|x64
	EndGlobalSection
	GlobalSection(SolutionProperties) = preSolution
		HideSolutionNode = FALSE
	EndGlobalSection
	GlobalSection(NestedProjects) = preSolution
		{576BB453-2FB7-41F2-A79A-090A35423F3F} = {7D6EC3B8-01EA-497F-9A41-1BF82B03C9EB}
		{C6F76172-4FFB-4905-A8C2-7BACD38F1FE5} = {7D6EC3B8-01EA-497F-9A41-1BF82B03C9EB}
		{C4D0B800-44A8-40E8-90C3-6649F9F484BB} = {7D6EC3B8-01EA-497F-9A41-1BF82B03C9EB}
	EndGlobalSection
EndGlobal
